lockfileVersion: '9.0'

settings:
  autoInstallPeers: true
  excludeLinksFromLockfile: false

importers:

  .:
    dependencies:
      '@fortawesome/free-solid-svg-icons':
        specifier: ^7.3.1
        version: 7.3.1
      shared:
        specifier: workspace:*
        version: link:../shared

packages:

  '@fortawesome/fontawesome-common-types@7.3.1':
    resolution: {integrity: sha512-k0C0sdHmZtAo6dRDtd1Z/qcpyHbL0CKsjV8seMY/21xGhY5Wsv0XRmiI/xEEH4y2c9b1+jvgNs/3EqhV27yUEA==}
    engines: {node: '>=6'}

  '@fortawesome/free-solid-svg-icons@7.3.1':
    resolution: {integrity: sha512-v0BLa0eqg7ubvVWeNSHVBs8fWH/GJicERZoJaxJ3FE/lj67VSqzoMg9pzfZVOfLMX10y0pGwQAuxoRVVH2patg==}
    engines: {node: '>=6'}

snapshots:

  '@fortawesome/fontawesome-common-types@7.3.1': {}

  '@fortawesome/free-solid-svg-icons@7.3.1':
    dependencies:
      '@fortawesome/fontawesome-common-types': 7.3.1
